
Microsoft Visual Studio Solution File, Format Version 12.00
# Visual Studio Version 16
VisualStudioVersion = 16.0.29613.14
MinimumVisualStudioVersion = 10.0.40219.1
Project("{9A19103F-16F7-4668-BE54-9A1E7A4F7556}") = "AWSLambda1", "AWSLambda1\AWSLambda1.csproj", "{FD5C9AF2-ED2E-443B-8EE3-37D1EFFCA8C2}"
EndProject
Project("{9A19103F-16F7-4668-BE54-9A1E7A4F7556}") = "AWSLambda1.Tests", "AWSLambda1.Tests\AWSLambda1.Tests.csproj", "{6776F478-6E73-45B1-A9A9-EEF3093F639A}"
EndProject
Global
	GlobalSection(SolutionConfigurationPlatforms) = preSolution
		Debug|Any CPU = Debug|Any CPU
		Release|Any CPU = Release|Any CPU
	EndGlobalSection
	GlobalSection(ProjectConfigurationPlatforms) = postSolution
		{FD5C9AF2-ED2E-443B-8EE3-37D1EFFCA8C2}.Debug|Any CPU.ActiveCfg = Debug|Any CPU
		{FD5C9AF2-ED2E-443B-8EE3-37D1EFFCA8C2}.Debug|Any CPU.Build.0 = Debug|Any CPU
		{FD5C9AF2-ED2E-443B-8EE3-37D1EFFCA8C2}.Release|Any CPU.ActiveCfg = Release|Any CPU
		{FD5C9AF2-ED2E-443B-8EE3-37D1EFFCA8C2}.Release|Any CPU.Build.0 = Release|Any CPU
		{6776F478-6E73-45B1-A9A9-EEF3093F639A}.Debug|Any CPU.ActiveCfg = Debug|Any CPU
		{6776F478-6E73-45B1-A9A9-EEF3093F639A}.Debug|Any CPU.Build.0 = Debug|Any CPU
		{6776F478-6E73-45B1-A9A9-EEF3093F639A}.Release|Any CPU.ActiveCfg = Release|Any CPU
		{6776F478-6E73-45B1-A9A9-EEF3093F639A}.Release|Any CPU.Build.0 = Release|Any CPU
	EndGlobalSection
	GlobalSection(SolutionProperties) = preSolution
		HideSolutionNode = FALSE
	EndGlobalSection
	GlobalSection(ExtensibilityGlobals) = postSolution
		SolutionGuid = {350F3BBB-4197-4CA7-862B-54B21F0CC65D}
	EndGlobalSection
EndGlobal
